
Microsoft Visual Studio Solution File, Format Version 12.00
# Visual Studio 15
VisualStudioVersion = 15.0.26124.0
MinimumVisualStudioVersion = 15.0.26124.0
Project("{2150E333-8FDC-42A3-9474-1A3956D46DE8}") = "src", "src", "{17CF70CC-552B-45BE-9131-0373993A6DB3}"
EndProject
Project("{FAE04EC0-301F-11D3-BF4B-00C04F79EFBC}") = "Domain", "src\Domain\Domain.csproj", "{335E4AED-C03F-4328-ABE6-5C90D53253DD}"
EndProject
Project("{2150E333-8FDC-42A3-9474-1A3956D46DE8}") = "tests", "tests", "{C90230C6-CF1C-4D00-BF70-AB3D5D8D657D}"
EndProject
Project("{FAE04EC0-301F-11D3-BF4B-00C04F79EFBC}") = "Domain.Tests", "tests\Domain.Tests\Domain.Tests.csproj", "{9E56C32C-E4C6-4C04-BFC1-815445725E04}"
EndProject
Global
	GlobalSection(SolutionConfigurationPlatforms) = preSolution
		Debug|Any CPU = Debug|Any CPU
		Debug|x64 = Debug|x64
		Debug|x86 = Debug|x86
		Release|Any CPU = Release|Any CPU
		Release|x64 = Release|x64
		Release|x86 = Release|x86
	EndGlobalSection
	GlobalSection(SolutionProperties) = preSolution
		HideSolutionNode = FALSE
	EndGlobalSection
	GlobalSection(ProjectConfigurationPlatforms) = postSolution
		{335E4AED-C03F-4328-ABE6-5C90D53253DD}.Debug|Any CPU.ActiveCfg = Debug|Any CPU
		{335E4AED-C03F-4328-ABE6-5C90D53253DD}.Debug|Any CPU.Build.0 = Debug|Any CPU
		{335E4AED-C03F-4328-ABE6-5C90D53253DD}.Debug|x64.ActiveCfg = Debug|Any CPU
		{335E4AED-C03F-4328-ABE6-5C90D53253DD}.Debug|x64.Build.0 = Debug|Any CPU
		{335E4AED-C03F-4328-ABE6-5C90D53253DD}.Debug|x86.ActiveCfg = Debug|Any CPU
		{335E4AED-C03F-4328-ABE6-5C90D53253DD}.Debug|x86.Build.0 = Debug|Any CPU
		{335E4AED-C03F-4328-ABE6-5C90D53253DD}.Release|Any CPU.ActiveCfg = Release|Any CPU
		{335E4AED-C03F-4328-ABE6-5C90D53253DD}.Release|Any CPU.Build.0 = Release|Any CPU
		{335E4AED-C03F-4328-ABE6-5C90D53253DD}.Release|x64.ActiveCfg = Release|Any CPU
		{335E4AED-C03F-4328-ABE6-5C90D53253DD}.Release|x64.Build.0 = Release|Any CPU
		{335E4AED-C03F-4328-ABE6-5C90D53253DD}.Release|x86.ActiveCfg = Release|Any CPU
		{335E4AED-C03F-4328-ABE6-5C90D53253DD}.Release|x86.Build.0 = Release|Any CPU
		{9E56C32C-E4C6-4C04-BFC1-815445725E04}.Debug|Any CPU.ActiveCfg = Debug|Any CPU
		{9E56C32C-E4C6-4C04-BFC1-815445725E04}.Debug|Any CPU.Build.0 = Debug|Any CPU
		{9E56C32C-E4C6-4C04-BFC1-815445725E04}.Debug|x64.ActiveCfg = Debug|Any CPU
		{9E56C32C-E4C6-4C04-BFC1-815445725E04}.Debug|x64.Build.0 = Debug|Any CPU
		{9E56C32C-E4C6-4C04-BFC1-815445725E04}.Debug|x86.ActiveCfg = Debug|Any CPU
		{9E56C32C-E4C6-4C04-BFC1-815445725E04}.Debug|x86.Build.0 = Debug|Any CPU
		{9E56C32C-E4C6-4C04-BFC1-815445725E04}.Release|Any CPU.ActiveCfg = Release|Any CPU
		{9E56C32C-E4C6-4C04-BFC1-815445725E04}.Release|Any CPU.Build.0 = Release|Any CPU
		{9E56C32C-E4C6-4C04-BFC1-815445725E04}.Release|x64.ActiveCfg = Release|Any CPU
		{9E56C32C-E4C6-4C04-BFC1-815445725E04}.Release|x64.Build.0 = Release|Any CPU
		{9E56C32C-E4C6-4C04-BFC1-815445725E04}.Release|x86.ActiveCfg = Release|Any CPU
		{9E56C32C-E4C6-4C04-BFC1-815445725E04}.Release|x86.Build.0 = Release|Any CPU
	EndGlobalSection
	GlobalSection(NestedProjects) = preSolution
		{335E4AED-C03F-4328-ABE6-5C90D53253DD} = {17CF70CC-552B-45BE-9131-0373993A6DB3}
		{9E56C32C-E4C6-4C04-BFC1-815445725E04} = {C90230C6-CF1C-4D00-BF70-AB3D5D8D657D}
	EndGlobalSection
EndGlobal
